Microsoft Visual Studio Solution File, Format Version 12.00
# Visual Studio Version 17
VisualStudioVersion = 17.14.36414.22 d17.14
MinimumVisualStudioVersion = 10.0.40219.1
Project("{FAE04EC0-301F-11D3-BF4B-00C04F79EFBC}") = "homework.AppHost", "homework.AppHost\homework.AppHost.csproj", "{57C8084F-578E-4245-91A4-528065211A12}"
EndProject
Project("{FAE04EC0-301F-11D3-BF4B-00C04F79EFBC}") = "homework.ServiceDefaults", "homework.ServiceDefaults\homework.ServiceDefaults.csproj", "{3283BD36-A1EB-AE67-E7AD-A5206E2CAAAF}"
EndProject
Project("{FAE04EC0-301F-11D3-BF4B-00C04F79EFBC}") = "homework.ApiService", "homework.ApiService\homework.ApiService.csproj", "{CFD430DE-38F5-8130-5FB3-2338AEA2A495}"
EndProject
Project("{FAE04EC0-301F-11D3-BF4B-00C04F79EFBC}") = "homework.Web", "homework.Web\homework.Web.csproj", "{BF0BF1DC-2434-38CF-3F6A-84400E05C4AB}"
EndProject
Global
	GlobalSection(SolutionConfigurationPlatforms) = preSolution
		Debug|Any CPU = Debug|Any CPU
		Release|Any CPU = Release|Any CPU
	EndGlobalSection
	GlobalSection(ProjectConfigurationPlatforms) = postSolution
		{57C8084F-578E-4245-91A4-528065211A12}.Debug|Any CPU.ActiveCfg = Debug|Any CPU
		{57C8084F-578E-4245-91A4-528065211A12}.Debug|Any CPU.Build.0 = Debug|Any CPU
		{57C8084F-578E-4245-91A4-528065211A12}.Release|Any CPU.ActiveCfg = Release|Any CPU
		{57C8084F-578E-4245-91A4-528065211A12}.Release|Any CPU.Build.0 = Release|Any CPU
		{3283BD36-A1EB-AE67-E7AD-A5206E2CAAAF}.Debug|Any CPU.ActiveCfg = Debug|Any CPU
		{3283BD36-A1EB-AE67-E7AD-A5206E2CAAAF}.Debug|Any CPU.Build.0 = Debug|Any CPU
		{3283BD36-A1EB-AE67-E7AD-A5206E2CAAAF}.Release|Any CPU.ActiveCfg = Release|Any CPU
		{3283BD36-A1EB-AE67-E7AD-A5206E2CAAAF}.Release|Any CPU.Build.0 = Release|Any CPU
		{CFD430DE-38F5-8130-5FB3-2338AEA2A495}.Debug|Any CPU.ActiveCfg = Debug|Any CPU
		{CFD430DE-38F5-8130-5FB3-2338AEA2A495}.Debug|Any CPU.Build.0 = Debug|Any CPU
		{CFD430DE-38F5-8130-5FB3-2338AEA2A495}.Release|Any CPU.ActiveCfg = Release|Any CPU
		{CFD430DE-38F5-8130-5FB3-2338AEA2A495}.Release|Any CPU.Build.0 = Release|Any CPU
		{BF0BF1DC-2434-38CF-3F6A-84400E05C4AB}.Debug|Any CPU.ActiveCfg = Debug|Any CPU
		{BF0BF1DC-2434-38CF-3F6A-84400E05C4AB}.Debug|Any CPU.Build.0 = Debug|Any CPU
		{BF0BF1DC-2434-38CF-3F6A-84400E05C4AB}.Release|Any CPU.ActiveCfg = Release|Any CPU
		{BF0BF1DC-2434-38CF-3F6A-84400E05C4AB}.Release|Any CPU.Build.0 = Release|Any CPU
	EndGlobalSection
	GlobalSection(SolutionProperties) = preSolution
		HideSolutionNode = FALSE
	EndGlobalSection
	GlobalSection(ExtensibilityGlobals) = postSolution
		SolutionGuid = {4A7DF22D-3110-4897-A6A4-240A7B80F484}
	EndGlobalSection
EndGlobal
